Microsoft Visual Studio Solution File, Format Version 12.00
# Visual Studio 15
VisualStudioVersion = 15.0.26730.10
MinimumVisualStudioVersion = 10.0.40219.1
Project("{9A19103F-16F7-4668-BE54-9A1E7A4F7556}") = "test", "test\test.csproj", "{3B37712D-31DA-4EBE-9C81-5A9129389E51}"
EndProject
Project("{9A19103F-16F7-4668-BE54-9A1E7A4F7556}") = "Common", "..\Common\src\Common\Common.csproj", "{625AAF4B-2E78-4D06-BB62-CF53A97223AD}"
EndProject
Project("{9A19103F-16F7-4668-BE54-9A1E7A4F7556}") = "SERVERAPI", "src\SERVERAPI\SERVERAPI.csproj", "{02F54D73-717B-4D30-9939-C6901C29A56D}"
EndProject
Project("{9A19103F-16F7-4668-BE54-9A1E7A4F7556}") = "Agri.Models", "..\Agri.Models\Agri.Models.csproj", "{53936C9F-FAD2-4B9E-A74D-F82610001954}"
EndProject
Project("{9A19103F-16F7-4668-BE54-9A1E7A4F7556}") = "Agri.CalculateService", "..\Agri.CalculateService\Agri.CalculateService.csproj", "{B190627F-0837-45DE-9FF8-970B68E28CA4}"
EndProject
Project("{9A19103F-16F7-4668-BE54-9A1E7A4F7556}") = "Agri.Interfaces", "..\Agri.Interfaces\Agri.Interfaces.csproj", "{A15D65BF-3D1A-4C56-A295-18C3C3DF1B7C}"
EndProject
Project("{9A19103F-16F7-4668-BE54-9A1E7A4F7556}") = "Agri.Data", "..\Agri.Data\Agri.Data.csproj", "{018B3600-B287-46A4-BC70-333BC924C049}"
EndProject
Project("{9A19103F-16F7-4668-BE54-9A1E7A4F7556}") = "Agri.LegacyData.Tests", "..\Agri.LegacyData.Tests\Agri.LegacyData.Tests.csproj", "{B5C86996-5532-44AC-964D-E83D33D219DB}"
EndProject
Project("{9A19103F-16F7-4668-BE54-9A1E7A4F7556}") = "Agri.LegacyData", "..\Agri.LegacyData\Agri.LegacyData.csproj", "{0F265249-81AC-40C5-94ED-4E9624C144CB}"
EndProject
Project("{FAE04EC0-301F-11D3-BF4B-00C04F79EFBC}") = "Agri.Data.TestHarness", "..\Agri.Data.TestHarness\Agri.Data.TestHarness.csproj", "{65773521-168A-4B0C-BAEA-49B6BFCC549E}"
EndProject
Global
	GlobalSection(SolutionConfigurationPlatforms) = preSolution
		Debug|Any CPU = Debug|Any CPU
		Debug|x64 = Debug|x64
		Debug|x86 = Debug|x86
		Release|Any CPU = Release|Any CPU
		Release|x64 = Release|x64
		Release|x86 = Release|x86
	EndGlobalSection
	GlobalSection(ProjectConfigurationPlatforms) = postSolution
		{3B37712D-31DA-4EBE-9C81-5A9129389E51}.Debug|Any CPU.ActiveCfg = Debug|Any CPU
		{3B37712D-31DA-4EBE-9C81-5A9129389E51}.Debug|Any CPU.Build.0 = Debug|Any CPU
		{3B37712D-31DA-4EBE-9C81-5A9129389E51}.Debug|x64.ActiveCfg = Debug|Any CPU
		{3B37712D-31DA-4EBE-9C81-5A9129389E51}.Debug|x64.Build.0 = Debug|Any CPU
		{3B37712D-31DA-4EBE-9C81-5A9129389E51}.Debug|x86.ActiveCfg = Debug|Any CPU
		{3B37712D-31DA-4EBE-9C81-5A9129389E51}.Debug|x86.Build.0 = Debug|Any CPU
		{3B37712D-31DA-4EBE-9C81-5A9129389E51}.Release|Any CPU.ActiveCfg = Release|Any CPU
		{3B37712D-31DA-4EBE-9C81-5A9129389E51}.Release|Any CPU.Build.0 = Release|Any CPU
		{3B37712D-31DA-4EBE-9C81-5A9129389E51}.Release|x64.ActiveCfg = Release|Any CPU
		{3B37712D-31DA-4EBE-9C81-5A9129389E51}.Release|x64.Build.0 = Release|Any CPU
		{3B37712D-31DA-4EBE-9C81-5A9129389E51}.Release|x86.ActiveCfg = Release|Any CPU
		{3B37712D-31DA-4EBE-9C81-5A9129389E51}.Release|x86.Build.0 = Release|Any CPU
		{625AAF4B-2E78-4D06-BB62-CF53A97223AD}.Debug|Any CPU.ActiveCfg = Debug|Any CPU
		{625AAF4B-2E78-4D06-BB62-CF53A97223AD}.Debug|Any CPU.Build.0 = Debug|Any CPU
		{625AAF4B-2E78-4D06-BB62-CF53A97223AD}.Debug|x64.ActiveCfg = Debug|Any CPU
		{625AAF4B-2E78-4D06-BB62-CF53A97223AD}.Debug|x64.Build.0 = Debug|Any CPU
		{625AAF4B-2E78-4D06-BB62-CF53A97223AD}.Debug|x86.ActiveCfg = Debug|Any CPU
		{625AAF4B-2E78-4D06-BB62-CF53A97223AD}.Debug|x86.Build.0 = Debug|Any CPU
		{625AAF4B-2E78-4D06-BB62-CF53A97223AD}.Release|Any CPU.ActiveCfg = Release|Any CPU
		{625AAF4B-2E78-4D06-BB62-CF53A97223AD}.Release|Any CPU.Build.0 = Release|Any CPU
		{625AAF4B-2E78-4D06-BB62-CF53A97223AD}.Release|x64.ActiveCfg = Release|Any CPU
		{625AAF4B-2E78-4D06-BB62-CF53A97223AD}.Release|x64.Build.0 = Release|Any CPU
		{625AAF4B-2E78-4D06-BB62-CF53A97223AD}.Release|x86.ActiveCfg = Release|Any CPU
		{625AAF4B-2E78-4D06-BB62-CF53A97223AD}.Release|x86.Build.0 = Release|Any CPU
		{02F54D73-717B-4D30-9939-C6901C29A56D}.Debug|Any CPU.ActiveCfg = Debug|Any CPU
		{02F54D73-717B-4D30-9939-C6901C29A56D}.Debug|Any CPU.Build.0 = Debug|Any CPU
		{02F54D73-717B-4D30-9939-C6901C29A56D}.Debug|x64.ActiveCfg = Debug|Any CPU
		{02F54D73-717B-4D30-9939-C6901C29A56D}.Debug|x64.Build.0 = Debug|Any CPU
		{02F54D73-717B-4D30-9939-C6901C29A56D}.Debug|x86.ActiveCfg = Debug|Any CPU
		{02F54D73-717B-4D30-9939-C6901C29A56D}.Debug|x86.Build.0 = Debug|Any CPU
		{02F54D73-717B-4D30-9939-C6901C29A56D}.Release|Any CPU.ActiveCfg = Release|Any CPU
		{02F54D73-717B-4D30-9939-C6901C29A56D}.Release|Any CPU.Build.0 = Release|Any CPU
		{02F54D73-717B-4D30-9939-C6901C29A56D}.Release|x64.ActiveCfg = Release|Any CPU
		{02F54D73-717B-4D30-9939-C6901C29A56D}.Release|x64.Build.0 = Release|Any CPU
		{02F54D73-717B-4D30-9939-C6901C29A56D}.Release|x86.ActiveCfg = Release|Any CPU
		{02F54D73-717B-4D30-9939-C6901C29A56D}.Release|x86.Build.0 = Release|Any CPU
		{53936C9F-FAD2-4B9E-A74D-F82610001954}.Debug|Any CPU.ActiveCfg = Debug|Any CPU
		{53936C9F-FAD2-4B9E-A74D-F82610001954}.Debug|Any CPU.Build.0 = Debug|Any CPU
		{53936C9F-FAD2-4B9E-A74D-F82610001954}.Debug|x64.ActiveCfg = Debug|Any CPU
		{53936C9F-FAD2-4B9E-A74D-F82610001954}.Debug|x64.Build.0 = Debug|Any CPU
		{53936C9F-FAD2-4B9E-A74D-F82610001954}.Debug|x86.ActiveCfg = Debug|Any CPU
		{53936C9F-FAD2-4B9E-A74D-F82610001954}.Debug|x86.Build.0 = Debug|Any CPU
		{53936C9F-FAD2-4B9E-A74D-F82610001954}.Release|Any CPU.ActiveCfg = Release|Any CPU
		{53936C9F-FAD2-4B9E-A74D-F82610001954}.Release|Any CPU.Build.0 = Release|Any CPU
		{53936C9F-FAD2-4B9E-A74D-F82610001954}.Release|x64.ActiveCfg = Release|Any CPU
		{53936C9F-FAD2-4B9E-A74D-F82610001954}.Release|x64.Build.0 = Release|Any CPU
		{53936C9F-FAD2-4B9E-A74D-F82610001954}.Release|x86.ActiveCfg = Release|Any CPU
		{53936C9F-FAD2-4B9E-A74D-F82610001954}.Release|x86.Build.0 = Release|Any CPU
		{B190627F-0837-45DE-9FF8-970B68E28CA4}.Debug|Any CPU.ActiveCfg = Debug|Any CPU
		{B190627F-0837-45DE-9FF8-970B68E28CA4}.Debug|Any CPU.Build.0 = Debug|Any CPU
		{B190627F-0837-45DE-9FF8-970B68E28CA4}.Debug|x64.ActiveCfg = Debug|Any CPU
		{B190627F-0837-45DE-9FF8-970B68E28CA4}.Debug|x64.Build.0 = Debug|Any CPU
		{B190627F-0837-45DE-9FF8-970B68E28CA4}.Debug|x86.ActiveCfg = Debug|Any CPU
		{B190627F-0837-45DE-9FF8-970B68E28CA4}.Debug|x86.Build.0 = Debug|Any CPU
		{B190627F-0837-45DE-9FF8-970B68E28CA4}.Release|Any CPU.ActiveCfg = Release|Any CPU
		{B190627F-0837-45DE-9FF8-970B68E28CA4}.Release|Any CPU.Build.0 = Release|Any CPU
		{B190627F-0837-45DE-9FF8-970B68E28CA4}.Release|x64.ActiveCfg = Release|Any CPU
		{B190627F-0837-45DE-9FF8-970B68E28CA4}.Release|x64.Build.0 = Release|Any CPU
		{B190627F-0837-45DE-9FF8-970B68E28CA4}.Release|x86.ActiveCfg = Release|Any CPU
		{B190627F-0837-45DE-9FF8-970B68E28CA4}.Release|x86.Build.0 = Release|Any CPU
		{A15D65BF-3D1A-4C56-A295-18C3C3DF1B7C}.Debug|Any CPU.ActiveCfg = Debug|Any CPU
		{A15D65BF-3D1A-4C56-A295-18C3C3DF1B7C}.Debug|Any CPU.Build.0 = Debug|Any CPU
		{A15D65BF-3D1A-4C56-A295-18C3C3DF1B7C}.Debug|x64.ActiveCfg = Debug|Any CPU
		{A15D65BF-3D1A-4C56-A295-18C3C3DF1B7C}.Debug|x64.Build.0 = Debug|Any CPU
		{A15D65BF-3D1A-4C56-A295-18C3C3DF1B7C}.Debug|x86.ActiveCfg = Debug|Any CPU
		{A15D65BF-3D1A-4C56-A295-18C3C3DF1B7C}.Debug|x86.Build.0 = Debug|Any CPU
		{A15D65BF-3D1A-4C56-A295-18C3C3DF1B7C}.Release|Any CPU.ActiveCfg = Release|Any CPU
		{A15D65BF-3D1A-4C56-A295-18C3C3DF1B7C}.Release|Any CPU.Build.0 = Release|Any CPU
		{A15D65BF-3D1A-4C56-A295-18C3C3DF1B7C}.Release|x64.ActiveCfg = Release|Any CPU
		{A15D65BF-3D1A-4C56-A295-18C3C3DF1B7C}.Release|x64.Build.0 = Release|Any CPU
		{A15D65BF-3D1A-4C56-A295-18C3C3DF1B7C}.Release|x86.ActiveCfg = Release|Any CPU
		{A15D65BF-3D1A-4C56-A295-18C3C3DF1B7C}.Release|x86.Build.0 = Release|Any CPU
		{018B3600-B287-46A4-BC70-333BC924C049}.Debug|Any CPU.ActiveCfg = Debug|Any CPU
		{018B3600-B287-46A4-BC70-333BC924C049}.Debug|Any CPU.Build.0 = Debug|Any CPU
		{018B3600-B287-46A4-BC70-333BC924C049}.Debug|x64.ActiveCfg = Debug|Any CPU
		{018B3600-B287-46A4-BC70-333BC924C049}.Debug|x64.Build.0 = Debug|Any CPU
		{018B3600-B287-46A4-BC70-333BC924C049}.Debug|x86.ActiveCfg = Debug|Any CPU
		{018B3600-B287-46A4-BC70-333BC924C049}.Debug|x86.Build.0 = Debug|Any CPU
		{018B3600-B287-46A4-BC70-333BC924C049}.Release|Any CPU.ActiveCfg = Release|Any CPU
		{018B3600-B287-46A4-BC70-333BC924C049}.Release|Any CPU.Build.0 = Release|Any CPU
		{018B3600-B287-46A4-BC70-333BC924C049}.Release|x64.ActiveCfg = Release|Any CPU
		{018B3600-B287-46A4-BC70-333BC924C049}.Release|x64.Build.0 = Release|Any CPU
		{018B3600-B287-46A4-BC70-333BC924C049}.Release|x86.ActiveCfg = Release|Any CPU
		{018B3600-B287-46A4-BC70-333BC924C049}.Release|x86.Build.0 = Release|Any CPU
		{B5C86996-5532-44AC-964D-E83D33D219DB}.Debug|Any CPU.ActiveCfg = Debug|Any CPU
		{B5C86996-5532-44AC-964D-E83D33D219DB}.Debug|Any CPU.Build.0 = Debug|Any CPU
		{B5C86996-5532-44AC-964D-E83D33D219DB}.Debug|x64.ActiveCfg = Debug|Any CPU
		{B5C86996-5532-44AC-964D-E83D33D219DB}.Debug|x64.Build.0 = Debug|Any CPU
		{B5C86996-5532-44AC-964D-E83D33D219DB}.Debug|x86.ActiveCfg = Debug|Any CPU
		{B5C86996-5532-44AC-964D-E83D33D219DB}.Debug|x86.Build.0 = Debug|Any CPU
		{B5C86996-5532-44AC-964D-E83D33D219DB}.Release|Any CPU.ActiveCfg = Release|Any CPU
		{B5C86996-5532-44AC-964D-E83D33D219DB}.Release|Any CPU.Build.0 = Release|Any CPU
		{B5C86996-5532-44AC-964D-E83D33D219DB}.Release|x64.ActiveCfg = Release|Any CPU
		{B5C86996-5532-44AC-964D-E83D33D219DB}.Release|x64.Build.0 = Release|Any CPU
		{B5C86996-5532-44AC-964D-E83D33D219DB}.Release|x86.ActiveCfg = Release|Any CPU
		{B5C86996-5532-44AC-964D-E83D33D219DB}.Release|x86.Build.0 = Release|Any CPU
		{0F265249-81AC-40C5-94ED-4E9624C144CB}.Debug|Any CPU.ActiveCfg = Debug|Any CPU
		{0F265249-81AC-40C5-94ED-4E9624C144CB}.Debug|Any CPU.Build.0 = Debug|Any CPU
		{0F265249-81AC-40C5-94ED-4E9624C144CB}.Debug|x64.ActiveCfg = Debug|Any CPU
		{0F265249-81AC-40C5-94ED-4E9624C144CB}.Debug|x64.Build.0 = Debug|Any CPU
		{0F265249-81AC-40C5-94ED-4E9624C144CB}.Debug|x86.ActiveCfg = Debug|Any CPU
		{0F265249-81AC-40C5-94ED-4E9624C144CB}.Debug|x86.Build.0 = Debug|Any CPU
		{0F265249-81AC-40C5-94ED-4E9624C144CB}.Release|Any CPU.ActiveCfg = Release|Any CPU
		{0F265249-81AC-40C5-94ED-4E9624C144CB}.Release|Any CPU.Build.0 = Release|Any CPU
		{0F265249-81AC-40C5-94ED-4E9624C144CB}.Release|x64.ActiveCfg = Release|Any CPU
		{0F265249-81AC-40C5-94ED-4E9624C144CB}.Release|x64.Build.0 = Release|Any CPU
		{0F265249-81AC-40C5-94ED-4E9624C144CB}.Release|x86.ActiveCfg = Release|Any CPU
		{0F265249-81AC-40C5-94ED-4E9624C144CB}.Release|x86.Build.0 = Release|Any CPU
		{65773521-168A-4B0C-BAEA-49B6BFCC549E}.Debug|Any CPU.ActiveCfg = Debug|Any CPU
		{65773521-168A-4B0C-BAEA-49B6BFCC549E}.Debug|Any CPU.Build.0 = Debug|Any CPU
		{65773521-168A-4B0C-BAEA-49B6BFCC549E}.Debug|x64.ActiveCfg = Debug|Any CPU
		{65773521-168A-4B0C-BAEA-49B6BFCC549E}.Debug|x64.Build.0 = Debug|Any CPU
		{65773521-168A-4B0C-BAEA-49B6BFCC549E}.Debug|x86.ActiveCfg = Debug|Any CPU
		{65773521-168A-4B0C-BAEA-49B6BFCC549E}.Debug|x86.Build.0 = Debug|Any CPU
		{65773521-168A-4B0C-BAEA-49B6BFCC549E}.Release|Any CPU.ActiveCfg = Release|Any CPU
		{65773521-168A-4B0C-BAEA-49B6BFCC549E}.Release|Any CPU.Build.0 = Release|Any CPU
		{65773521-168A-4B0C-BAEA-49B6BFCC549E}.Release|x64.ActiveCfg = Release|Any CPU
		{65773521-168A-4B0C-BAEA-49B6BFCC549E}.Release|x64.Build.0 = Release|Any CPU
		{65773521-168A-4B0C-BAEA-49B6BFCC549E}.Release|x86.ActiveCfg = Release|Any CPU
		{65773521-168A-4B0C-BAEA-49B6BFCC549E}.Release|x86.Build.0 = Release|Any CPU
	EndGlobalSection
	GlobalSection(SolutionProperties) = preSolution
		HideSolutionNode = FALSE
	EndGlobalSection
	GlobalSection(ExtensibilityGlobals) = postSolution
		SolutionGuid = {1A9CA1A4-66B3-4230-89C5-FE8D649655AA}
	EndGlobalSection
EndGlobal
