Microsoft Visual Studio Solution File, Format Version 12.00
# Visual Studio Version 16
VisualStudioVersion = 16.0.29519.87
MinimumVisualStudioVersion = 10.0.40219.1
Project("{9A19103F-16F7-4668-BE54-9A1E7A4F7556}") = "SERVERAPI", "src\SERVERAPI\SERVERAPI.csproj", "{02F54D73-717B-4D30-9939-C6901C29A56D}"
EndProject
Project("{9A19103F-16F7-4668-BE54-9A1E7A4F7556}") = "Agri.Models", "..\Agri.Models\Agri.Models.csproj", "{53936C9F-FAD2-4B9E-A74D-F82610001954}"
EndProject
Project("{9A19103F-16F7-4668-BE54-9A1E7A4F7556}") = "Agri.CalculateService", "..\Agri.CalculateService\Agri.CalculateService.csproj", "{B190627F-0837-45DE-9FF8-970B68E28CA4}"
EndProject
Project("{9A19103F-16F7-4668-BE54-9A1E7A4F7556}") = "Agri.Data", "..\Agri.Data\Agri.Data.csproj", "{018B3600-B287-46A4-BC70-333BC924C049}"
EndProject
Project("{2150E333-8FDC-42A3-9474-1A3956D46DE8}") = "Tests", "Tests", "{834B1FF4-2D28-4757-A05A-32F9E5A06A2B}"
EndProject
Project("{9A19103F-16F7-4668-BE54-9A1E7A4F7556}") = "Agri.Tests.Shared", "..\Agri.Tests.Shared\Agri.Tests.Shared.csproj", "{BA22E1FF-EE9D-4254-A75A-7B51FDEF7BE8}"
EndProject
Project("{9A19103F-16F7-4668-BE54-9A1E7A4F7556}") = "Agri.Data.Tests", "..\Agri.Data.Tests\Agri.Data.Tests.csproj", "{0DCDE81B-EA39-4281-BD19-02658F7A35AA}"
EndProject
Project("{9A19103F-16F7-4668-BE54-9A1E7A4F7556}") = "Agri.CalculatorService.Tests", "..\Agri.CalculatorService.Tests\Agri.CalculatorService.Tests.csproj", "{306AB27C-475F-4D49-9FBD-8DF48D7954E5}"
EndProject
Project("{2150E333-8FDC-42A3-9474-1A3956D46DE8}") = "Solution Items", "Solution Items", "{85A72DE6-C027-40CE-B8EC-542FE37DE72F}"
EndProject
Project("{FAE04EC0-301F-11D3-BF4B-00C04F79EFBC}") = "Agri.Shared", "..\Agri.Shared\Agri.Shared.csproj", "{543DAF47-6A9E-4035-8E3F-23344A4DD550}"
EndProject
Global
	GlobalSection(SolutionConfigurationPlatforms) = preSolution
		Debug|Any CPU = Debug|Any CPU
		Debug|x64 = Debug|x64
		Debug|x86 = Debug|x86
		Release|Any CPU = Release|Any CPU
		Release|x64 = Release|x64
		Release|x86 = Release|x86
	EndGlobalSection
	GlobalSection(ProjectConfigurationPlatforms) = postSolution
		{02F54D73-717B-4D30-9939-C6901C29A56D}.Debug|Any CPU.ActiveCfg = Debug|Any CPU
		{02F54D73-717B-4D30-9939-C6901C29A56D}.Debug|Any CPU.Build.0 = Debug|Any CPU
		{02F54D73-717B-4D30-9939-C6901C29A56D}.Debug|x64.ActiveCfg = Debug|Any CPU
		{02F54D73-717B-4D30-9939-C6901C29A56D}.Debug|x64.Build.0 = Debug|Any CPU
		{02F54D73-717B-4D30-9939-C6901C29A56D}.Debug|x86.ActiveCfg = Debug|Any CPU
		{02F54D73-717B-4D30-9939-C6901C29A56D}.Debug|x86.Build.0 = Debug|Any CPU
		{02F54D73-717B-4D30-9939-C6901C29A56D}.Release|Any CPU.ActiveCfg = Release|Any CPU
		{02F54D73-717B-4D30-9939-C6901C29A56D}.Release|Any CPU.Build.0 = Release|Any CPU
		{02F54D73-717B-4D30-9939-C6901C29A56D}.Release|x64.ActiveCfg = Release|Any CPU
		{02F54D73-717B-4D30-9939-C6901C29A56D}.Release|x64.Build.0 = Release|Any CPU
		{02F54D73-717B-4D30-9939-C6901C29A56D}.Release|x86.ActiveCfg = Release|Any CPU
		{02F54D73-717B-4D30-9939-C6901C29A56D}.Release|x86.Build.0 = Release|Any CPU
		{53936C9F-FAD2-4B9E-A74D-F82610001954}.Debug|Any CPU.ActiveCfg = Debug|Any CPU
		{53936C9F-FAD2-4B9E-A74D-F82610001954}.Debug|Any CPU.Build.0 = Debug|Any CPU
		{53936C9F-FAD2-4B9E-A74D-F82610001954}.Debug|x64.ActiveCfg = Debug|Any CPU
		{53936C9F-FAD2-4B9E-A74D-F82610001954}.Debug|x64.Build.0 = Debug|Any CPU
		{53936C9F-FAD2-4B9E-A74D-F82610001954}.Debug|x86.ActiveCfg = Debug|Any CPU
		{53936C9F-FAD2-4B9E-A74D-F82610001954}.Debug|x86.Build.0 = Debug|Any CPU
		{53936C9F-FAD2-4B9E-A74D-F82610001954}.Release|Any CPU.ActiveCfg = Release|Any CPU
		{53936C9F-FAD2-4B9E-A74D-F82610001954}.Release|Any CPU.Build.0 = Release|Any CPU
		{53936C9F-FAD2-4B9E-A74D-F82610001954}.Release|x64.ActiveCfg = Release|Any CPU
		{53936C9F-FAD2-4B9E-A74D-F82610001954}.Release|x64.Build.0 = Release|Any CPU
		{53936C9F-FAD2-4B9E-A74D-F82610001954}.Release|x86.ActiveCfg = Release|Any CPU
		{53936C9F-FAD2-4B9E-A74D-F82610001954}.Release|x86.Build.0 = Release|Any CPU
		{B190627F-0837-45DE-9FF8-970B68E28CA4}.Debug|Any CPU.ActiveCfg = Debug|Any CPU
		{B190627F-0837-45DE-9FF8-970B68E28CA4}.Debug|Any CPU.Build.0 = Debug|Any CPU
		{B190627F-0837-45DE-9FF8-970B68E28CA4}.Debug|x64.ActiveCfg = Debug|Any CPU
		{B190627F-0837-45DE-9FF8-970B68E28CA4}.Debug|x64.Build.0 = Debug|Any CPU
		{B190627F-0837-45DE-9FF8-970B68E28CA4}.Debug|x86.ActiveCfg = Debug|Any CPU
		{B190627F-0837-45DE-9FF8-970B68E28CA4}.Debug|x86.Build.0 = Debug|Any CPU
		{B190627F-0837-45DE-9FF8-970B68E28CA4}.Release|Any CPU.ActiveCfg = Release|Any CPU
		{B190627F-0837-45DE-9FF8-970B68E28CA4}.Release|Any CPU.Build.0 = Release|Any CPU
		{B190627F-0837-45DE-9FF8-970B68E28CA4}.Release|x64.ActiveCfg = Release|Any CPU
		{B190627F-0837-45DE-9FF8-970B68E28CA4}.Release|x64.Build.0 = Release|Any CPU
		{B190627F-0837-45DE-9FF8-970B68E28CA4}.Release|x86.ActiveCfg = Release|Any CPU
		{B190627F-0837-45DE-9FF8-970B68E28CA4}.Release|x86.Build.0 = Release|Any CPU
		{018B3600-B287-46A4-BC70-333BC924C049}.Debug|Any CPU.ActiveCfg = Debug|Any CPU
		{018B3600-B287-46A4-BC70-333BC924C049}.Debug|Any CPU.Build.0 = Debug|Any CPU
		{018B3600-B287-46A4-BC70-333BC924C049}.Debug|x64.ActiveCfg = Debug|Any CPU
		{018B3600-B287-46A4-BC70-333BC924C049}.Debug|x64.Build.0 = Debug|Any CPU
		{018B3600-B287-46A4-BC70-333BC924C049}.Debug|x86.ActiveCfg = Debug|Any CPU
		{018B3600-B287-46A4-BC70-333BC924C049}.Debug|x86.Build.0 = Debug|Any CPU
		{018B3600-B287-46A4-BC70-333BC924C049}.Release|Any CPU.ActiveCfg = Release|Any CPU
		{018B3600-B287-46A4-BC70-333BC924C049}.Release|Any CPU.Build.0 = Release|Any CPU
		{018B3600-B287-46A4-BC70-333BC924C049}.Release|x64.ActiveCfg = Release|Any CPU
		{018B3600-B287-46A4-BC70-333BC924C049}.Release|x64.Build.0 = Release|Any CPU
		{018B3600-B287-46A4-BC70-333BC924C049}.Release|x86.ActiveCfg = Release|Any CPU
		{018B3600-B287-46A4-BC70-333BC924C049}.Release|x86.Build.0 = Release|Any CPU
		{BA22E1FF-EE9D-4254-A75A-7B51FDEF7BE8}.Debug|Any CPU.ActiveCfg = Debug|Any CPU
		{BA22E1FF-EE9D-4254-A75A-7B51FDEF7BE8}.Debug|Any CPU.Build.0 = Debug|Any CPU
		{BA22E1FF-EE9D-4254-A75A-7B51FDEF7BE8}.Debug|x64.ActiveCfg = Debug|Any CPU
		{BA22E1FF-EE9D-4254-A75A-7B51FDEF7BE8}.Debug|x64.Build.0 = Debug|Any CPU
		{BA22E1FF-EE9D-4254-A75A-7B51FDEF7BE8}.Debug|x86.ActiveCfg = Debug|Any CPU
		{BA22E1FF-EE9D-4254-A75A-7B51FDEF7BE8}.Debug|x86.Build.0 = Debug|Any CPU
		{BA22E1FF-EE9D-4254-A75A-7B51FDEF7BE8}.Release|Any CPU.ActiveCfg = Release|Any CPU
		{BA22E1FF-EE9D-4254-A75A-7B51FDEF7BE8}.Release|Any CPU.Build.0 = Release|Any CPU
		{BA22E1FF-EE9D-4254-A75A-7B51FDEF7BE8}.Release|x64.ActiveCfg = Release|Any CPU
		{BA22E1FF-EE9D-4254-A75A-7B51FDEF7BE8}.Release|x64.Build.0 = Release|Any CPU
		{BA22E1FF-EE9D-4254-A75A-7B51FDEF7BE8}.Release|x86.ActiveCfg = Release|Any CPU
		{BA22E1FF-EE9D-4254-A75A-7B51FDEF7BE8}.Release|x86.Build.0 = Release|Any CPU
		{0DCDE81B-EA39-4281-BD19-02658F7A35AA}.Debug|Any CPU.ActiveCfg = Debug|Any CPU
		{0DCDE81B-EA39-4281-BD19-02658F7A35AA}.Debug|Any CPU.Build.0 = Debug|Any CPU
		{0DCDE81B-EA39-4281-BD19-02658F7A35AA}.Debug|x64.ActiveCfg = Debug|Any CPU
		{0DCDE81B-EA39-4281-BD19-02658F7A35AA}.Debug|x64.Build.0 = Debug|Any CPU
		{0DCDE81B-EA39-4281-BD19-02658F7A35AA}.Debug|x86.ActiveCfg = Debug|Any CPU
		{0DCDE81B-EA39-4281-BD19-02658F7A35AA}.Debug|x86.Build.0 = Debug|Any CPU
		{0DCDE81B-EA39-4281-BD19-02658F7A35AA}.Release|Any CPU.ActiveCfg = Release|Any CPU
		{0DCDE81B-EA39-4281-BD19-02658F7A35AA}.Release|Any CPU.Build.0 = Release|Any CPU
		{0DCDE81B-EA39-4281-BD19-02658F7A35AA}.Release|x64.ActiveCfg = Release|Any CPU
		{0DCDE81B-EA39-4281-BD19-02658F7A35AA}.Release|x64.Build.0 = Release|Any CPU
		{0DCDE81B-EA39-4281-BD19-02658F7A35AA}.Release|x86.ActiveCfg = Release|Any CPU
		{0DCDE81B-EA39-4281-BD19-02658F7A35AA}.Release|x86.Build.0 = Release|Any CPU
		{306AB27C-475F-4D49-9FBD-8DF48D7954E5}.Debug|Any CPU.ActiveCfg = Debug|Any CPU
		{306AB27C-475F-4D49-9FBD-8DF48D7954E5}.Debug|Any CPU.Build.0 = Debug|Any CPU
		{306AB27C-475F-4D49-9FBD-8DF48D7954E5}.Debug|x64.ActiveCfg = Debug|Any CPU
		{306AB27C-475F-4D49-9FBD-8DF48D7954E5}.Debug|x64.Build.0 = Debug|Any CPU
		{306AB27C-475F-4D49-9FBD-8DF48D7954E5}.Debug|x86.ActiveCfg = Debug|Any CPU
		{306AB27C-475F-4D49-9FBD-8DF48D7954E5}.Debug|x86.Build.0 = Debug|Any CPU
		{306AB27C-475F-4D49-9FBD-8DF48D7954E5}.Release|Any CPU.ActiveCfg = Release|Any CPU
		{306AB27C-475F-4D49-9FBD-8DF48D7954E5}.Release|Any CPU.Build.0 = Release|Any CPU
		{306AB27C-475F-4D49-9FBD-8DF48D7954E5}.Release|x64.ActiveCfg = Release|Any CPU
		{306AB27C-475F-4D49-9FBD-8DF48D7954E5}.Release|x64.Build.0 = Release|Any CPU
		{306AB27C-475F-4D49-9FBD-8DF48D7954E5}.Release|x86.ActiveCfg = Release|Any CPU
		{306AB27C-475F-4D49-9FBD-8DF48D7954E5}.Release|x86.Build.0 = Release|Any CPU
		{543DAF47-6A9E-4035-8E3F-23344A4DD550}.Debug|Any CPU.ActiveCfg = Debug|Any CPU
		{543DAF47-6A9E-4035-8E3F-23344A4DD550}.Debug|Any CPU.Build.0 = Debug|Any CPU
		{543DAF47-6A9E-4035-8E3F-23344A4DD550}.Debug|x64.ActiveCfg = Debug|Any CPU
		{543DAF47-6A9E-4035-8E3F-23344A4DD550}.Debug|x64.Build.0 = Debug|Any CPU
		{543DAF47-6A9E-4035-8E3F-23344A4DD550}.Debug|x86.ActiveCfg = Debug|Any CPU
		{543DAF47-6A9E-4035-8E3F-23344A4DD550}.Debug|x86.Build.0 = Debug|Any CPU
		{543DAF47-6A9E-4035-8E3F-23344A4DD550}.Release|Any CPU.ActiveCfg = Release|Any CPU
		{543DAF47-6A9E-4035-8E3F-23344A4DD550}.Release|Any CPU.Build.0 = Release|Any CPU
		{543DAF47-6A9E-4035-8E3F-23344A4DD550}.Release|x64.ActiveCfg = Release|Any CPU
		{543DAF47-6A9E-4035-8E3F-23344A4DD550}.Release|x64.Build.0 = Release|Any CPU
		{543DAF47-6A9E-4035-8E3F-23344A4DD550}.Release|x86.ActiveCfg = Release|Any CPU
		{543DAF47-6A9E-4035-8E3F-23344A4DD550}.Release|x86.Build.0 = Release|Any CPU
	EndGlobalSection
	GlobalSection(SolutionProperties) = preSolution
		HideSolutionNode = FALSE
	EndGlobalSection
	GlobalSection(NestedProjects) = preSolution
		{BA22E1FF-EE9D-4254-A75A-7B51FDEF7BE8} = {834B1FF4-2D28-4757-A05A-32F9E5A06A2B}
		{0DCDE81B-EA39-4281-BD19-02658F7A35AA} = {834B1FF4-2D28-4757-A05A-32F9E5A06A2B}
		{306AB27C-475F-4D49-9FBD-8DF48D7954E5} = {834B1FF4-2D28-4757-A05A-32F9E5A06A2B}
	EndGlobalSection
	GlobalSection(ExtensibilityGlobals) = postSolution
		SolutionGuid = {1A9CA1A4-66B3-4230-89C5-FE8D649655AA}
	EndGlobalSection
EndGlobal
