Microsoft Visual Studio Solution File, Format Version 12.00
# Visual Studio 15
VisualStudioVersion = 15.0.26730.10
MinimumVisualStudioVersion = 10.0.40219.1
Project("{9A19103F-16F7-4668-BE54-9A1E7A4F7556}") = "test", "test\test.csproj", "{3B37712D-31DA-4EBE-9C81-5A9129389E51}"
EndProject
Project("{9A19103F-16F7-4668-BE54-9A1E7A4F7556}") = "Common", "..\Common\src\Common\Common.csproj", "{625AAF4B-2E78-4D06-BB62-CF53A97223AD}"
EndProject
Project("{9A19103F-16F7-4668-BE54-9A1E7A4F7556}") = "SERVERAPI", "src\SERVERAPI\SERVERAPI.csproj", "{02F54D73-717B-4D30-9939-C6901C29A56D}"
EndProject
Project("{9A19103F-16F7-4668-BE54-9A1E7A4F7556}") = "Agri.Models", "Agri.Models\Agri.Models.csproj", "{9B9513CD-CF5A-4922-A865-D140ACF6B150}"
EndProject
Project("{9A19103F-16F7-4668-BE54-9A1E7A4F7556}") = "Agri.Data", "Agri.Data\Agri.Data.csproj", "{520844A0-5F05-4B83-A8E7-E9214A4511F8}"
EndProject
Project("{9A19103F-16F7-4668-BE54-9A1E7A4F7556}") = "Agri.LegacyData", "Agri.LegacyData\Agri.LegacyData.csproj", "{7174F70B-8EC3-443F-B701-348212BCE476}"
EndProject
Project("{FAE04EC0-301F-11D3-BF4B-00C04F79EFBC}") = "Agri.UtilityService", "Agri.UtilityService\Agri.UtilityService.csproj", "{62E3AD04-AA5F-4EE5-82FF-CF4BDC4CD72C}"
EndProject
Project("{FAE04EC0-301F-11D3-BF4B-00C04F79EFBC}") = "Agri.LegacyData.Tests", "Agri.LegacyData.Tests\Agri.LegacyData.Tests.csproj", "{27E06AED-E51B-4BC1-AAD9-93CA658AEA54}"
EndProject
Global
	GlobalSection(SolutionConfigurationPlatforms) = preSolution
		Debug|Any CPU = Debug|Any CPU
		Debug|x64 = Debug|x64
		Debug|x86 = Debug|x86
		Release|Any CPU = Release|Any CPU
		Release|x64 = Release|x64
		Release|x86 = Release|x86
	EndGlobalSection
	GlobalSection(ProjectConfigurationPlatforms) = postSolution
		{3B37712D-31DA-4EBE-9C81-5A9129389E51}.Debug|Any CPU.ActiveCfg = Debug|Any CPU
		{3B37712D-31DA-4EBE-9C81-5A9129389E51}.Debug|Any CPU.Build.0 = Debug|Any CPU
		{3B37712D-31DA-4EBE-9C81-5A9129389E51}.Debug|x64.ActiveCfg = Debug|Any CPU
		{3B37712D-31DA-4EBE-9C81-5A9129389E51}.Debug|x64.Build.0 = Debug|Any CPU
		{3B37712D-31DA-4EBE-9C81-5A9129389E51}.Debug|x86.ActiveCfg = Debug|Any CPU
		{3B37712D-31DA-4EBE-9C81-5A9129389E51}.Debug|x86.Build.0 = Debug|Any CPU
		{3B37712D-31DA-4EBE-9C81-5A9129389E51}.Release|Any CPU.ActiveCfg = Release|Any CPU
		{3B37712D-31DA-4EBE-9C81-5A9129389E51}.Release|Any CPU.Build.0 = Release|Any CPU
		{3B37712D-31DA-4EBE-9C81-5A9129389E51}.Release|x64.ActiveCfg = Release|Any CPU
		{3B37712D-31DA-4EBE-9C81-5A9129389E51}.Release|x64.Build.0 = Release|Any CPU
		{3B37712D-31DA-4EBE-9C81-5A9129389E51}.Release|x86.ActiveCfg = Release|Any CPU
		{3B37712D-31DA-4EBE-9C81-5A9129389E51}.Release|x86.Build.0 = Release|Any CPU
		{625AAF4B-2E78-4D06-BB62-CF53A97223AD}.Debug|Any CPU.ActiveCfg = Debug|Any CPU
		{625AAF4B-2E78-4D06-BB62-CF53A97223AD}.Debug|Any CPU.Build.0 = Debug|Any CPU
		{625AAF4B-2E78-4D06-BB62-CF53A97223AD}.Debug|x64.ActiveCfg = Debug|Any CPU
		{625AAF4B-2E78-4D06-BB62-CF53A97223AD}.Debug|x64.Build.0 = Debug|Any CPU
		{625AAF4B-2E78-4D06-BB62-CF53A97223AD}.Debug|x86.ActiveCfg = Debug|Any CPU
		{625AAF4B-2E78-4D06-BB62-CF53A97223AD}.Debug|x86.Build.0 = Debug|Any CPU
		{625AAF4B-2E78-4D06-BB62-CF53A97223AD}.Release|Any CPU.ActiveCfg = Release|Any CPU
		{625AAF4B-2E78-4D06-BB62-CF53A97223AD}.Release|Any CPU.Build.0 = Release|Any CPU
		{625AAF4B-2E78-4D06-BB62-CF53A97223AD}.Release|x64.ActiveCfg = Release|Any CPU
		{625AAF4B-2E78-4D06-BB62-CF53A97223AD}.Release|x64.Build.0 = Release|Any CPU
		{625AAF4B-2E78-4D06-BB62-CF53A97223AD}.Release|x86.ActiveCfg = Release|Any CPU
		{625AAF4B-2E78-4D06-BB62-CF53A97223AD}.Release|x86.Build.0 = Release|Any CPU
		{02F54D73-717B-4D30-9939-C6901C29A56D}.Debug|Any CPU.ActiveCfg = Debug|Any CPU
		{02F54D73-717B-4D30-9939-C6901C29A56D}.Debug|Any CPU.Build.0 = Debug|Any CPU
		{02F54D73-717B-4D30-9939-C6901C29A56D}.Debug|x64.ActiveCfg = Debug|Any CPU
		{02F54D73-717B-4D30-9939-C6901C29A56D}.Debug|x64.Build.0 = Debug|Any CPU
		{02F54D73-717B-4D30-9939-C6901C29A56D}.Debug|x86.ActiveCfg = Debug|Any CPU
		{02F54D73-717B-4D30-9939-C6901C29A56D}.Debug|x86.Build.0 = Debug|Any CPU
		{02F54D73-717B-4D30-9939-C6901C29A56D}.Release|Any CPU.ActiveCfg = Release|Any CPU
		{02F54D73-717B-4D30-9939-C6901C29A56D}.Release|Any CPU.Build.0 = Release|Any CPU
		{02F54D73-717B-4D30-9939-C6901C29A56D}.Release|x64.ActiveCfg = Release|Any CPU
		{02F54D73-717B-4D30-9939-C6901C29A56D}.Release|x64.Build.0 = Release|Any CPU
		{02F54D73-717B-4D30-9939-C6901C29A56D}.Release|x86.ActiveCfg = Release|Any CPU
		{02F54D73-717B-4D30-9939-C6901C29A56D}.Release|x86.Build.0 = Release|Any CPU
		{9B9513CD-CF5A-4922-A865-D140ACF6B150}.Debug|Any CPU.ActiveCfg = Debug|Any CPU
		{9B9513CD-CF5A-4922-A865-D140ACF6B150}.Debug|Any CPU.Build.0 = Debug|Any CPU
		{9B9513CD-CF5A-4922-A865-D140ACF6B150}.Debug|x64.ActiveCfg = Debug|Any CPU
		{9B9513CD-CF5A-4922-A865-D140ACF6B150}.Debug|x64.Build.0 = Debug|Any CPU
		{9B9513CD-CF5A-4922-A865-D140ACF6B150}.Debug|x86.ActiveCfg = Debug|Any CPU
		{9B9513CD-CF5A-4922-A865-D140ACF6B150}.Debug|x86.Build.0 = Debug|Any CPU
		{9B9513CD-CF5A-4922-A865-D140ACF6B150}.Release|Any CPU.ActiveCfg = Release|Any CPU
		{9B9513CD-CF5A-4922-A865-D140ACF6B150}.Release|Any CPU.Build.0 = Release|Any CPU
		{9B9513CD-CF5A-4922-A865-D140ACF6B150}.Release|x64.ActiveCfg = Release|Any CPU
		{9B9513CD-CF5A-4922-A865-D140ACF6B150}.Release|x64.Build.0 = Release|Any CPU
		{9B9513CD-CF5A-4922-A865-D140ACF6B150}.Release|x86.ActiveCfg = Release|Any CPU
		{9B9513CD-CF5A-4922-A865-D140ACF6B150}.Release|x86.Build.0 = Release|Any CPU
		{520844A0-5F05-4B83-A8E7-E9214A4511F8}.Debug|Any CPU.ActiveCfg = Debug|Any CPU
		{520844A0-5F05-4B83-A8E7-E9214A4511F8}.Debug|Any CPU.Build.0 = Debug|Any CPU
		{520844A0-5F05-4B83-A8E7-E9214A4511F8}.Debug|x64.ActiveCfg = Debug|Any CPU
		{520844A0-5F05-4B83-A8E7-E9214A4511F8}.Debug|x64.Build.0 = Debug|Any CPU
		{520844A0-5F05-4B83-A8E7-E9214A4511F8}.Debug|x86.ActiveCfg = Debug|Any CPU
		{520844A0-5F05-4B83-A8E7-E9214A4511F8}.Debug|x86.Build.0 = Debug|Any CPU
		{520844A0-5F05-4B83-A8E7-E9214A4511F8}.Release|Any CPU.ActiveCfg = Release|Any CPU
		{520844A0-5F05-4B83-A8E7-E9214A4511F8}.Release|Any CPU.Build.0 = Release|Any CPU
		{520844A0-5F05-4B83-A8E7-E9214A4511F8}.Release|x64.ActiveCfg = Release|Any CPU
		{520844A0-5F05-4B83-A8E7-E9214A4511F8}.Release|x64.Build.0 = Release|Any CPU
		{520844A0-5F05-4B83-A8E7-E9214A4511F8}.Release|x86.ActiveCfg = Release|Any CPU
		{520844A0-5F05-4B83-A8E7-E9214A4511F8}.Release|x86.Build.0 = Release|Any CPU
		{7174F70B-8EC3-443F-B701-348212BCE476}.Debug|Any CPU.ActiveCfg = Debug|Any CPU
		{7174F70B-8EC3-443F-B701-348212BCE476}.Debug|Any CPU.Build.0 = Debug|Any CPU
		{7174F70B-8EC3-443F-B701-348212BCE476}.Debug|x64.ActiveCfg = Debug|Any CPU
		{7174F70B-8EC3-443F-B701-348212BCE476}.Debug|x64.Build.0 = Debug|Any CPU
		{7174F70B-8EC3-443F-B701-348212BCE476}.Debug|x86.ActiveCfg = Debug|Any CPU
		{7174F70B-8EC3-443F-B701-348212BCE476}.Debug|x86.Build.0 = Debug|Any CPU
		{7174F70B-8EC3-443F-B701-348212BCE476}.Release|Any CPU.ActiveCfg = Release|Any CPU
		{7174F70B-8EC3-443F-B701-348212BCE476}.Release|Any CPU.Build.0 = Release|Any CPU
		{7174F70B-8EC3-443F-B701-348212BCE476}.Release|x64.ActiveCfg = Release|Any CPU
		{7174F70B-8EC3-443F-B701-348212BCE476}.Release|x64.Build.0 = Release|Any CPU
		{7174F70B-8EC3-443F-B701-348212BCE476}.Release|x86.ActiveCfg = Release|Any CPU
		{7174F70B-8EC3-443F-B701-348212BCE476}.Release|x86.Build.0 = Release|Any CPU
		{62E3AD04-AA5F-4EE5-82FF-CF4BDC4CD72C}.Debug|Any CPU.ActiveCfg = Debug|Any CPU
		{62E3AD04-AA5F-4EE5-82FF-CF4BDC4CD72C}.Debug|Any CPU.Build.0 = Debug|Any CPU
		{62E3AD04-AA5F-4EE5-82FF-CF4BDC4CD72C}.Debug|x64.ActiveCfg = Debug|Any CPU
		{62E3AD04-AA5F-4EE5-82FF-CF4BDC4CD72C}.Debug|x64.Build.0 = Debug|Any CPU
		{62E3AD04-AA5F-4EE5-82FF-CF4BDC4CD72C}.Debug|x86.ActiveCfg = Debug|Any CPU
		{62E3AD04-AA5F-4EE5-82FF-CF4BDC4CD72C}.Debug|x86.Build.0 = Debug|Any CPU
		{62E3AD04-AA5F-4EE5-82FF-CF4BDC4CD72C}.Release|Any CPU.ActiveCfg = Release|Any CPU
		{62E3AD04-AA5F-4EE5-82FF-CF4BDC4CD72C}.Release|Any CPU.Build.0 = Release|Any CPU
		{62E3AD04-AA5F-4EE5-82FF-CF4BDC4CD72C}.Release|x64.ActiveCfg = Release|Any CPU
		{62E3AD04-AA5F-4EE5-82FF-CF4BDC4CD72C}.Release|x64.Build.0 = Release|Any CPU
		{62E3AD04-AA5F-4EE5-82FF-CF4BDC4CD72C}.Release|x86.ActiveCfg = Release|Any CPU
		{62E3AD04-AA5F-4EE5-82FF-CF4BDC4CD72C}.Release|x86.Build.0 = Release|Any CPU
		{27E06AED-E51B-4BC1-AAD9-93CA658AEA54}.Debug|Any CPU.ActiveCfg = Debug|Any CPU
		{27E06AED-E51B-4BC1-AAD9-93CA658AEA54}.Debug|Any CPU.Build.0 = Debug|Any CPU
		{27E06AED-E51B-4BC1-AAD9-93CA658AEA54}.Debug|x64.ActiveCfg = Debug|Any CPU
		{27E06AED-E51B-4BC1-AAD9-93CA658AEA54}.Debug|x64.Build.0 = Debug|Any CPU
		{27E06AED-E51B-4BC1-AAD9-93CA658AEA54}.Debug|x86.ActiveCfg = Debug|Any CPU
		{27E06AED-E51B-4BC1-AAD9-93CA658AEA54}.Debug|x86.Build.0 = Debug|Any CPU
		{27E06AED-E51B-4BC1-AAD9-93CA658AEA54}.Release|Any CPU.ActiveCfg = Release|Any CPU
		{27E06AED-E51B-4BC1-AAD9-93CA658AEA54}.Release|Any CPU.Build.0 = Release|Any CPU
		{27E06AED-E51B-4BC1-AAD9-93CA658AEA54}.Release|x64.ActiveCfg = Release|Any CPU
		{27E06AED-E51B-4BC1-AAD9-93CA658AEA54}.Release|x64.Build.0 = Release|Any CPU
		{27E06AED-E51B-4BC1-AAD9-93CA658AEA54}.Release|x86.ActiveCfg = Release|Any CPU
		{27E06AED-E51B-4BC1-AAD9-93CA658AEA54}.Release|x86.Build.0 = Release|Any CPU
	EndGlobalSection
	GlobalSection(SolutionProperties) = preSolution
		HideSolutionNode = FALSE
	EndGlobalSection
	GlobalSection(ExtensibilityGlobals) = postSolution
		SolutionGuid = {1A9CA1A4-66B3-4230-89C5-FE8D649655AA}
	EndGlobalSection
EndGlobal
