{
  "name": "SERVERAPI",
  "version": "1.0.0",
  "lockfileVersion": 1,
  "requires": true,
  "dependencies": {
    "@bcgov/bootstrap-theme": {
      "version": "https://github.com/bcgov/bootstrap-theme/releases/download/v1.0.0/bcgov-bootstrap-theme-1.0.0.tgz",
      "integrity": "sha512-fWiWFWquncQtmiMzEk5/Mcj9YBo2xBeTuxXjwsA+6PTH1CjOxS6s2RhRVX8jG+pIoL9ri3Nt7x998dwkIkq01A=="
    },
    "bootstrap": {
      "version": "4.3.1",
      "resolved": "https://registry.npmjs.org/bootstrap/-/bootstrap-4.3.1.tgz",
      "integrity": "sha512-rXqOmH1VilAt2DyPzluTi2blhk17bO7ef+zLLPlWvG494pDxcM234pJ8wTc/6R40UWizAIIMgxjvxZg5kmsbag=="
    }
  }
}
